Microsoft Visual Studio Solution File, Format Version 12.00
# Visual Studio Version 17
VisualStudioVersion = 17.3.32929.385
MinimumVisualStudioVersion = 10.0.40219.1
Project("{9A19103F-16F7-4668-BE54-9A1E7A4F7556}") = "LtAmpDotNet.Lib", "LtAmpDotNet.Lib\LtAmpDotNet.Lib.csproj", "{801AB553-A8BB-4100-A484-038C2D338EA7}"
EndProject
Project("{9A19103F-16F7-4668-BE54-9A1E7A4F7556}") = "LtAmpDotNet.Tools", "LtAmpDotNet.Tools\LtAmpDotNet.Tools.csproj", "{BAE73DC9-2D57-4ABB-9EF4-59594BE0F74C}"
EndProject
Project("{9A19103F-16F7-4668-BE54-9A1E7A4F7556}") = "LtAmpDotNet.Tests", "LtAmpDotNet.Tests\LtAmpDotNet.Tests.csproj", "{1CFA5C01-9F65-4018-ACB1-97E6388E34CF}"
EndProject
Project("{9A19103F-16F7-4668-BE54-9A1E7A4F7556}") = "LtAmpDotNet", "LtAmpDotNet\LtAmpDotNet.csproj", "{93133F02-58FA-456F-88DD-171C37C8EA16}"
EndProject
Project("{FAE04EC0-301F-11D3-BF4B-00C04F79EFBC}") = "LtAmpVirtualUsb", "LtAmpVirtualUsb\LtAmpVirtualUsb.csproj", "{39681B88-4A23-4EA6-8AFA-D48A4F016BBB}"
EndProject
Global
	GlobalSection(SolutionConfigurationPlatforms) = preSolution
		Debug|Any CPU = Debug|Any CPU
		Release|Any CPU = Release|Any CPU
	EndGlobalSection
	GlobalSection(ProjectConfigurationPlatforms) = postSolution
		{801AB553-A8BB-4100-A484-038C2D338EA7}.Debug|Any CPU.ActiveCfg = Debug|Any CPU
		{801AB553-A8BB-4100-A484-038C2D338EA7}.Debug|Any CPU.Build.0 = Debug|Any CPU
		{801AB553-A8BB-4100-A484-038C2D338EA7}.Release|Any CPU.ActiveCfg = Release|Any CPU
		{801AB553-A8BB-4100-A484-038C2D338EA7}.Release|Any CPU.Build.0 = Release|Any CPU
		{BAE73DC9-2D57-4ABB-9EF4-59594BE0F74C}.Debug|Any CPU.ActiveCfg = Debug|Any CPU
		{BAE73DC9-2D57-4ABB-9EF4-59594BE0F74C}.Debug|Any CPU.Build.0 = Debug|Any CPU
		{BAE73DC9-2D57-4ABB-9EF4-59594BE0F74C}.Release|Any CPU.ActiveCfg = Release|Any CPU
		{BAE73DC9-2D57-4ABB-9EF4-59594BE0F74C}.Release|Any CPU.Build.0 = Release|Any CPU
		{1CFA5C01-9F65-4018-ACB1-97E6388E34CF}.Debug|Any CPU.ActiveCfg = Debug|Any CPU
		{1CFA5C01-9F65-4018-ACB1-97E6388E34CF}.Debug|Any CPU.Build.0 = Debug|Any CPU
		{1CFA5C01-9F65-4018-ACB1-97E6388E34CF}.Release|Any CPU.ActiveCfg = Release|Any CPU
		{1CFA5C01-9F65-4018-ACB1-97E6388E34CF}.Release|Any CPU.Build.0 = Release|Any CPU
		{93133F02-58FA-456F-88DD-171C37C8EA16}.Debug|Any CPU.ActiveCfg = Debug|Any CPU
		{93133F02-58FA-456F-88DD-171C37C8EA16}.Debug|Any CPU.Build.0 = Debug|Any CPU
		{93133F02-58FA-456F-88DD-171C37C8EA16}.Release|Any CPU.ActiveCfg = Release|Any CPU
		{93133F02-58FA-456F-88DD-171C37C8EA16}.Release|Any CPU.Build.0 = Release|Any CPU
        {39681B88-4A23-4EA6-8AFA-D48A4F016BBB}.Debug|Any CPU.ActiveCfg = Debug|Any CPU
		{39681B88-4A23-4EA6-8AFA-D48A4F016BBB}.Debug|Any CPU.Build.0 = Debug|Any CPU
		{39681B88-4A23-4EA6-8AFA-D48A4F016BBB}.Release|Any CPU.ActiveCfg = Release|Any CPU
		{39681B88-4A23-4EA6-8AFA-D48A4F016BBB}.Release|Any CPU.Build.0 = Release|Any CPU
	EndGlobalSection
	GlobalSection(SolutionProperties) = preSolution
		HideSolutionNode = FALSE
	EndGlobalSection
	GlobalSection(ExtensibilityGlobals) = postSolution
		SolutionGuid = {1ECF28B0-6685-4F11-82B2-768B0BCF3FCC}
	EndGlobalSection
EndGlobal