
Microsoft Visual Studio Solution File, Format Version 12.00
# Visual Studio Version 17
VisualStudioVersion = 17.3.32929.385
MinimumVisualStudioVersion = 10.0.40219.1
Project("{9A19103F-16F7-4668-BE54-9A1E7A4F7556}") = "LtDotNet.Lib", "LtDotNet.Lib\LtDotNet.Lib.csproj", "{801AB553-A8BB-4100-A484-038C2D338EA7}"
EndProject
Global
	GlobalSection(SolutionConfigurationPlatforms) = preSolution
		Debug|Any CPU = Debug|Any CPU
		Release|Any CPU = Release|Any CPU
	EndGlobalSection
	GlobalSection(ProjectConfigurationPlatforms) = postSolution
		{801AB553-A8BB-4100-A484-038C2D338EA7}.Debug|Any CPU.ActiveCfg = Debug|Any CPU
		{801AB553-A8BB-4100-A484-038C2D338EA7}.Debug|Any CPU.Build.0 = Debug|Any CPU
		{801AB553-A8BB-4100-A484-038C2D338EA7}.Release|Any CPU.ActiveCfg = Release|Any CPU
		{801AB553-A8BB-4100-A484-038C2D338EA7}.Release|Any CPU.Build.0 = Release|Any CPU
	EndGlobalSection
	GlobalSection(SolutionProperties) = preSolution
		HideSolutionNode = FALSE
	EndGlobalSection
	GlobalSection(ExtensibilityGlobals) = postSolution
		SolutionGuid = {1ECF28B0-6685-4F11-82B2-768B0BCF3FCC}
	EndGlobalSection
EndGlobal
