
Microsoft Visual Studio Solution File, Format Version 12.00
# Visual Studio Version 17
VisualStudioVersion = 17.5.002.0
MinimumVisualStudioVersion = 10.0.40219.1
Project("{9A19103F-16F7-4668-BE54-9A1E7A4F7556}") = "LtAmpDotNet", "LtAmpDotNet.csproj", "{BB996AC9-E7EB-49FB-B870-0352A2447FFF}"
EndProject
Global
	GlobalSection(SolutionConfigurationPlatforms) = preSolution
		Debug|Any CPU = Debug|Any CPU
		Release|Any CPU = Release|Any CPU
	EndGlobalSection
	GlobalSection(ProjectConfigurationPlatforms) = postSolution
		{BB996AC9-E7EB-49FB-B870-0352A2447FFF}.Debug|Any CPU.ActiveCfg = Debug|Any CPU
		{BB996AC9-E7EB-49FB-B870-0352A2447FFF}.Debug|Any CPU.Build.0 = Debug|Any CPU
		{BB996AC9-E7EB-49FB-B870-0352A2447FFF}.Release|Any CPU.ActiveCfg = Release|Any CPU
		{BB996AC9-E7EB-49FB-B870-0352A2447FFF}.Release|Any CPU.Build.0 = Release|Any CPU
	EndGlobalSection
	GlobalSection(SolutionProperties) = preSolution
		HideSolutionNode = FALSE
	EndGlobalSection
	GlobalSection(ExtensibilityGlobals) = postSolution
		SolutionGuid = {A77360D4-465E-4F9C-82B9-49E12FA527E5}
	EndGlobalSection
EndGlobal
