
Microsoft Visual Studio Solution File, Format Version 12.00
# Visual Studio Version 17
VisualStudioVersion = 17.5.002.0
MinimumVisualStudioVersion = 10.0.40219.1
Project("{9A19103F-16F7-4668-BE54-9A1E7A4F7556}") = "LtAmpDotNet", "LtAmpDotNet.csproj", "{D731779F-2F04-42A2-B7CA-8F4D3B770D99}"
EndProject
Global
	GlobalSection(SolutionConfigurationPlatforms) = preSolution
		Debug|Any CPU = Debug|Any CPU
		Release|Any CPU = Release|Any CPU
	EndGlobalSection
	GlobalSection(ProjectConfigurationPlatforms) = postSolution
		{D731779F-2F04-42A2-B7CA-8F4D3B770D99}.Debug|Any CPU.ActiveCfg = Debug|Any CPU
		{D731779F-2F04-42A2-B7CA-8F4D3B770D99}.Debug|Any CPU.Build.0 = Debug|Any CPU
		{D731779F-2F04-42A2-B7CA-8F4D3B770D99}.Release|Any CPU.ActiveCfg = Release|Any CPU
		{D731779F-2F04-42A2-B7CA-8F4D3B770D99}.Release|Any CPU.Build.0 = Release|Any CPU
	EndGlobalSection
	GlobalSection(SolutionProperties) = preSolution
		HideSolutionNode = FALSE
	EndGlobalSection
	GlobalSection(ExtensibilityGlobals) = postSolution
		SolutionGuid = {369D2AFD-2D72-42D1-871C-0F74A03C3792}
	EndGlobalSection
EndGlobal
